
Microsoft Visual Studio Solution File, Format Version 12.00
# Visual Studio Version 16
VisualStudioVersion = 16.0.29409.12
MinimumVisualStudioVersion = 10.0.40219.1
Project("{9A19103F-16F7-4668-BE54-9A1E7A4F7556}") = "TelldusAPI", "TelldusAPI\TelldusAPI.csproj", "{E1358CA3-C621-4A4D-898D-8351B52E3047}"
EndProject
Project("{FAE04EC0-301F-11D3-BF4B-00C04F79EFBC}") = "TelldusAPI.Test", "TelldusAPI.Test\TelldusAPI.Test.csproj", "{F87000E6-EABE-486E-A69B-0FD139724275}"
EndProject
Global
	GlobalSection(SolutionConfigurationPlatforms) = preSolution
		Debug|Any CPU = Debug|Any CPU
		Release|Any CPU = Release|Any CPU
	EndGlobalSection
	GlobalSection(ProjectConfigurationPlatforms) = postSolution
		{E1358CA3-C621-4A4D-898D-8351B52E3047}.Debug|Any CPU.ActiveCfg = Debug|Any CPU
		{E1358CA3-C621-4A4D-898D-8351B52E3047}.Debug|Any CPU.Build.0 = Debug|Any CPU
		{E1358CA3-C621-4A4D-898D-8351B52E3047}.Release|Any CPU.ActiveCfg = Release|Any CPU
		{E1358CA3-C621-4A4D-898D-8351B52E3047}.Release|Any CPU.Build.0 = Release|Any CPU
		{F87000E6-EABE-486E-A69B-0FD139724275}.Debug|Any CPU.ActiveCfg = Debug|Any CPU
		{F87000E6-EABE-486E-A69B-0FD139724275}.Debug|Any CPU.Build.0 = Debug|Any CPU
		{F87000E6-EABE-486E-A69B-0FD139724275}.Release|Any CPU.ActiveCfg = Release|Any CPU
		{F87000E6-EABE-486E-A69B-0FD139724275}.Release|Any CPU.Build.0 = Release|Any CPU
	EndGlobalSection
	GlobalSection(SolutionProperties) = preSolution
		HideSolutionNode = FALSE
	EndGlobalSection
	GlobalSection(ExtensibilityGlobals) = postSolution
		SolutionGuid = {67B0C27E-92DF-470C-92BF-E87B556615C6}
	EndGlobalSection
EndGlobal
